PODS:
  - Apptimize (3.4.15)
  - apptimize_flutter (1.0.0):
    - Apptimize (~> 3)
    - Flutter
  - Flutter (1.0.0)

DEPENDENCIES:
  - apptimize_flutter (from `.symlinks/plugins/apptimize_flutter/ios`)
  - Flutter (from `Flutter`)

SPEC REPOS:
  trunk:
    - Apptimize

EXTERNAL SOURCES:
  apptimize_flutter:
    :path: ".symlinks/plugins/apptimize_flutter/ios"
  Flutter:
    :path: Flutter

SPEC CHECKSUMS:
  Apptimize: f4af5a3788509b1b7eaabb647e37424e0563af8e
  apptimize_flutter: 9df461894c798d207ad9d37601f287fdd7c046f6
  Flutter: 434fef37c0980e73bb6479ef766c45957d4b510c

PODFILE CHECKSUM: 7368163408c647b7eb699d0d788ba6718e18fb8d

COCOAPODS: 1.10.0
